// !$*UTF8*$!
{
	archiveVersion = 1;
	classes = {
	};
	objectVersion = 46;
	objects = {

/* Begin PBXBuildFile section */
		0DA45BCD183197450032E7BA /* Foundation.framework in Frameworks */ = {isa = PBXBuildFile; fileRef = 0DA45BCC183197450032E7BA /* Foundation.framework */; };
		0DA45BCF183197450032E7BA /* CoreGraphics.framework in Frameworks */ = {isa = PBXBuildFile; fileRef = 0DA45BCE183197450032E7BA /* CoreGraphics.framework */; };
		0DA45BD1183197450032E7BA /* UIKit.framework in Frameworks */ = {isa = PBXBuildFile; fileRef = 0DA45BD0183197450032E7BA /* UIKit.framework */; };
		0DA45BD7183197450032E7BA /* InfoPlist.strings in Resources */ = {isa = PBXBuildFile; fileRef = 0DA45BD5183197450032E7BA /* InfoPlist.strings */; };
		0DA45BD9183197450032E7BA /* main.m in Sources */ = {isa = PBXBuildFile; fileRef = 0DA45BD8183197450032E7BA /* main.m */; };
		0DA45BDD183197450032E7BA /* MyVideosAppDelegate.m in Sources */ = {isa = PBXBuildFile; fileRef = 0DA45BDC183197450032E7BA /* MyVideosAppDelegate.m */; };
		0DA45BE0183197450032E7BA /* Main.storyboard in Resources */ = {isa = PBXBuildFile; fileRef = 0DA45BDE183197450032E7BA /* Main.storyboard */; };
		0DA45BE3183197450032E7BA /* MyVideosViewController.m in Sources */ = {isa = PBXBuildFile; fileRef = 0DA45BE2183197450032E7BA /* MyVideosViewController.m */; };
		0DA45BE5183197450032E7BA /* Images.xcassets in Resources */ = {isa = PBXBuildFile; fileRef = 0DA45BE4183197450032E7BA /* Images.xcassets */; };
		0DA45BEC183197450032E7BA /* XCTest.framework in Frameworks */ = {isa = PBXBuildFile; fileRef = 0DA45BEB183197450032E7BA /* XCTest.framework */; };
		0DA45BED183197450032E7BA /* Foundation.framework in Frameworks */ = {isa = PBXBuildFile; fileRef = 0DA45BCC183197450032E7BA /* Foundation.framework */; };
		0DA45BEE183197450032E7BA /* UIKit.framework in Frameworks */ = {isa = PBXBuildFile; fileRef = 0DA45BD0183197450032E7BA /* UIKit.framework */; };
		0DA45BF6183197450032E7BA /* InfoPlist.strings in Resources */ = {isa = PBXBuildFile; fileRef = 0DA45BF4183197450032E7BA /* InfoPlist.strings */; };
		0DA45BF8183197450032E7BA /* MyVideosTests.m in Sources */ = {isa = PBXBuildFile; fileRef = 0DA45BF7183197450032E7BA /* MyVideosTests.m */; };
		0DA45C0818319EE70032E7BA /* buddy1.jpg in Resources */ = {isa = PBXBuildFile; fileRef = 0DA45C0518319EE70032E7BA /* buddy1.jpg */; };
		0DA45C0918319EE70032E7BA /* buddy2.jpg in Resources */ = {isa = PBXBuildFile; fileRef = 0DA45C0618319EE70032E7BA /* buddy2.jpg */; };
		0DA45C0A18319EE70032E7BA /* buddy3.jpg in Resources */ = {isa = PBXBuildFile; fileRef = 0DA45C0718319EE70032E7BA /* buddy3.jpg */; };
		0DA45C0E1831A49C0032E7BA /* buddy1ViewController.m in Sources */ = {isa = PBXBuildFile; fileRef = 0DA45C0D1831A49C0032E7BA /* buddy1ViewController.m */; };
		0DA45C111831A4BF0032E7BA /* buddy2ViewController.m in Sources */ = {isa = PBXBuildFile; fileRef = 0DA45C101831A4BF0032E7BA /* buddy2ViewController.m */; };
		0DA45C141831A4CF0032E7BA /* buddy3ViewController.m in Sources */ = {isa = PBXBuildFile; fileRef = 0DA45C131831A4CF0032E7BA /* buddy3ViewController.m */; };
		0DA45C161831A8060032E7BA /* MediaPlayer.framework in Frameworks */ = {isa = PBXBuildFile; fileRef = 0DA45C151831A8060032E7BA /* MediaPlayer.framework */; };
/* End PBXBuildFile section */

/* Begin PBXContainerItemProxy section */
		0DA45BEF183197450032E7BA /* PBXContainerItemProxy */ = {
			isa = PBXContainerItemProxy;
			containerPortal = 0DA45BC1183197450032E7BA /* Project object */;
			proxyType = 1;
			remoteGlobalIDString = 0DA45BC8183197450032E7BA;
			remoteInfo = MyVideos;
		};
/* End PBXContainerItemProxy section */

/* Begin PBXFileReference section */
		0DA45BC9183197450032E7BA /* MyVideos.app */ = {isa = PBXFileReference; explicitFileType = wrapper.application; includeInIndex = 0; path = MyVideos.app; sourceTree = BUILT_PRODUCTS_DIR; };
		0DA45BCC183197450032E7BA /* Foundation.framework */ = {isa = PBXFileReference; lastKnownFileType = wrapper.framework; name = Foundation.framework; path = System/Library/Frameworks/Foundation.framework; sourceTree = SDKROOT; };
		0DA45BCE183197450032E7BA /* CoreGraphics.framework */ = {isa = PBXFileReference; lastKnownFileType = wrapper.framework; name = CoreGraphics.framework; path = System/Library/Frameworks/CoreGraphics.framework; sourceTree = SDKROOT; };
		0DA45BD0183197450032E7BA /* UIKit.framework */ = {isa = PBXFileReference; lastKnownFileType = wrapper.framework; name = UIKit.framework; path = System/Library/Frameworks/UIKit.framework; sourceTree = SDKROOT; };
		0DA45BD4183197450032E7BA /* MyVideos-Info.plist */ = {isa = PBXFileReference; lastKnownFileType = text.plist.xml; path = "MyVideos-Info.plist"; sourceTree = "<group>"; };
		0DA45BD6183197450032E7BA /* en */ = {isa = PBXFileReference; lastKnownFileType = text.plist.strings; name = en; path = en.lproj/InfoPlist.strings; sourceTree = "<group>"; };
		0DA45BD8183197450032E7BA /* main.m */ = {isa = PBXFileReference; lastKnownFileType = sourcecode.c.objc; path = main.m; sourceTree = "<group>"; };
		0DA45BDA183197450032E7BA /* MyVideos-Prefix.pch */ = {isa = PBXFileReference; lastKnownFileType = sourcecode.c.h; path = "MyVideos-Prefix.pch"; sourceTree = "<group>"; };
		0DA45BDB183197450032E7BA /* MyVideosAppDelegate.h */ = {isa = PBXFileReference; lastKnownFileType = sourcecode.c.h; path = MyVideosAppDelegate.h; sourceTree = "<group>"; };
		0DA45BDC183197450032E7BA /* MyVideosAppDelegate.m */ = {isa = PBXFileReference; lastKnownFileType = sourcecode.c.objc; path = MyVideosAppDelegate.m; sourceTree = "<group>"; };
		0DA45BDF183197450032E7BA /* Base */ = {isa = PBXFileReference; lastKnownFileType = file.storyboard; name = Base; path = Base.lproj/Main.storyboard; sourceTree = "<group>"; };
		0DA45BE1183197450032E7BA /* MyVideosViewController.h */ = {isa = PBXFileReference; lastKnownFileType = sourcecode.c.h; path = MyVideosViewController.h; sourceTree = "<group>"; };
		0DA45BE2183197450032E7BA /* MyVideosViewController.m */ = {isa = PBXFileReference; lastKnownFileType = sourcecode.c.objc; path = MyVideosViewController.m; sourceTree = "<group>"; };
		0DA45BE4183197450032E7BA /* Images.xcassets */ = {isa = PBXFileReference; lastKnownFileType = folder.assetcatalog; path = Images.xcassets; sourceTree = "<group>"; };
		0DA45BEA183197450032E7BA /* MyVideosTests.xctest */ = {isa = PBXFileReference; explicitFileType = wrapper.cfbundle; includeInIndex = 0; path = MyVideosTests.xctest; sourceTree = BUILT_PRODUCTS_DIR; };
		0DA45BEB183197450032E7BA /* XCTest.framework */ = {isa = PBXFileReference; lastKnownFileType = wrapper.framework; name = XCTest.framework; path = Library/Frameworks/XCTest.framework; sourceTree = DEVELOPER_DIR; };
		0DA45BF3183197450032E7BA /* MyVideosTests-Info.plist */ = {isa = PBXFileReference; lastKnownFileType = text.plist.xml; path = "MyVideosTests-Info.plist"; sourceTree = "<group>"; };
		0DA45BF5183197450032E7BA /* en */ = {isa = PBXFileReference; lastKnownFileType = text.plist.strings; name = en; path = en.lproj/InfoPlist.strings; sourceTree = "<group>"; };
		0DA45BF7183197450032E7BA /* MyVideosTests.m */ = {isa = PBXFileReference; lastKnownFileType = sourcecode.c.objc; path = MyVideosTests.m; sourceTree = "<group>"; };
		0DA45C0118319D560032E7BA /* buddy1.mp4 */ = {isa = PBXFileReference; lastKnownFileType = file; name = buddy1.mp4; path = ../../buddy1.mp4; sourceTree = "<group>"; };
		0DA45C0218319D560032E7BA /* buddy2.mp4 */ = {isa = PBXFileReference; lastKnownFileType = file; name = buddy2.mp4; path = ../../buddy2.mp4; sourceTree = "<group>"; };
		0DA45C0318319D560032E7BA /* buddy3.mp4 */ = {isa = PBXFileReference; lastKnownFileType = file; name = buddy3.mp4; path = ../../buddy3.mp4; sourceTree = "<group>"; };
		0DA45C0518319EE70032E7BA /* buddy1.jpg */ = {isa = PBXFileReference; lastKnownFileType = image.jpeg; name = buddy1.jpg; path = ../buddy1.jpg; sourceTree = "<group>"; };
		0DA45C0618319EE70032E7BA /* buddy2.jpg */ = {isa = PBXFileReference; lastKnownFileType = image.jpeg; name = buddy2.jpg; path = ../buddy2.jpg; sourceTree = "<group>"; };
		0DA45C0718319EE70032E7BA /* buddy3.jpg */ = {isa = PBXFileReference; lastKnownFileType = image.jpeg; name = buddy3.jpg; path = ../buddy3.jpg; sourceTree = "<group>"; };
		0DA45C0C1831A49C0032E7BA /* buddy1ViewController.h */ = {isa = PBXFileReference; fileEncoding = 4; lastKnownFileType = sourcecode.c.h; path = buddy1ViewController.h; sourceTree = "<group>"; };
		0DA45C0D1831A49C0032E7BA /* buddy1ViewController.m */ = {isa = PBXFileReference; fileEncoding = 4; lastKnownFileType = sourcecode.c.objc; path = buddy1ViewController.m; sourceTree = "<group>"; };
		0DA45C0F1831A4BF0032E7BA /* buddy2ViewController.h */ = {isa = PBXFileReference; fileEncoding = 4; lastKnownFileType = sourcecode.c.h; path = buddy2ViewController.h; sourceTree = "<group>"; };
		0DA45C101831A4BF0032E7BA /* buddy2ViewController.m */ = {isa = PBXFileReference; fileEncoding = 4; lastKnownFileType = sourcecode.c.objc; path = buddy2ViewController.m; sourceTree = "<group>"; };
		0DA45C121831A4CF0032E7BA /* buddy3ViewController.h */ = {isa = PBXFileReference; fileEncoding = 4; lastKnownFileType = sourcecode.c.h; path = buddy3ViewController.h; sourceTree = "<group>"; };
		0DA45C131831A4CF0032E7BA /* buddy3ViewController.m */ = {isa = PBXFileReference; fileEncoding = 4; lastKnownFileType = sourcecode.c.objc; path = buddy3ViewController.m; sourceTree = "<group>"; };
		0DA45C151831A8060032E7BA /* MediaPlayer.framework */ = {isa = PBXFileReference; lastKnownFileType = wrapper.framework; name = MediaPlayer.framework; path = System/Library/Frameworks/MediaPlayer.framework; sourceTree = SDKROOT; };
/* End PBXFileReference section */

/* Begin PBXFrameworksBuildPhase section */
		0DA45BC6183197450032E7BA /* Frameworks */ = {
			isa = PBXFrameworksBuildPhase;
			buildActionMask = 2147483647;
			files = (
				0DA45C161831A8060032E7BA /* MediaPlayer.framework in Frameworks */,
				0DA45BCF183197450032E7BA /* CoreGraphics.framework in Frameworks */,
				0DA45BD1183197450032E7BA /* UIKit.framework in Frameworks */,
				0DA45BCD183197450032E7BA /* Foundation.framework in Frameworks */,
			);
			runOnlyForDeploymentPostprocessing = 0;
		};
		0DA45BE7183197450032E7BA /* Frameworks */ = {
			isa = PBXFrameworksBuildPhase;
			buildActionMask = 2147483647;
			files = (
				0DA45BEC183197450032E7BA /* XCTest.framework in Frameworks */,
				0DA45BEE183197450032E7BA /* UIKit.framework in Frameworks */,
				0DA45BED183197450032E7BA /* Foundation.framework in Frameworks */,
			);
			runOnlyForDeploymentPostprocessing = 0;
		};
/* End PBXFrameworksBuildPhase section */

/* Begin PBXGroup section */
		0DA45BC0183197450032E7BA = {
			isa = PBXGroup;
			children = (
				0DA45C0B1831A42A0032E7BA /* Trailers */,
				0DA45C0418319E040032E7BA /* Images */,
				0DA45BD2183197450032E7BA /* MyVideos */,
				0DA45BF1183197450032E7BA /* MyVideosTests */,
				0DA45BCB183197450032E7BA /* Frameworks */,
				0DA45BCA183197450032E7BA /* Products */,
			);
			sourceTree = "<group>";
		};
		0DA45BCA183197450032E7BA /* Products */ = {
			isa = PBXGroup;
			children = (
				0DA45BC9183197450032E7BA /* MyVideos.app */,
				0DA45BEA183197450032E7BA /* MyVideosTests.xctest */,
			);
			name = Products;
			sourceTree = "<group>";
		};
		0DA45BCB183197450032E7BA /* Frameworks */ = {
			isa = PBXGroup;
			children = (
				0DA45C151831A8060032E7BA /* MediaPlayer.framework */,
				0DA45BCC183197450032E7BA /* Foundation.framework */,
				0DA45BCE183197450032E7BA /* CoreGraphics.framework */,
				0DA45BD0183197450032E7BA /* UIKit.framework */,
				0DA45BEB183197450032E7BA /* XCTest.framework */,
			);
			name = Frameworks;
			sourceTree = "<group>";
		};
		0DA45BD2183197450032E7BA /* MyVideos */ = {
			isa = PBXGroup;
			children = (
				0DA45BDB183197450032E7BA /* MyVideosAppDelegate.h */,
				0DA45BDC183197450032E7BA /* MyVideosAppDelegate.m */,
				0DA45BDE183197450032E7BA /* Main.storyboard */,
				0DA45BE1183197450032E7BA /* MyVideosViewController.h */,
				0DA45BE2183197450032E7BA /* MyVideosViewController.m */,
				0DA45BE4183197450032E7BA /* Images.xcassets */,
				0DA45BD3183197450032E7BA /* Supporting Files */,
			);
			path = MyVideos;
			sourceTree = "<group>";
		};
		0DA45BD3183197450032E7BA /* Supporting Files */ = {
			isa = PBXGroup;
			children = (
				0DA45C0118319D560032E7BA /* buddy1.mp4 */,
				0DA45C0218319D560032E7BA /* buddy2.mp4 */,
				0DA45C0318319D560032E7BA /* buddy3.mp4 */,
				0DA45BD4183197450032E7BA /* MyVideos-Info.plist */,
				0DA45BD5183197450032E7BA /* InfoPlist.strings */,
				0DA45BD8183197450032E7BA /* main.m */,
				0DA45BDA183197450032E7BA /* MyVideos-Prefix.pch */,
			);
			name = "Supporting Files";
			sourceTree = "<group>";
		};
		0DA45BF1183197450032E7BA /* MyVideosTests */ = {
			isa = PBXGroup;
			children = (
				0DA45BF7183197450032E7BA /* MyVideosTests.m */,
				0DA45BF2183197450032E7BA /* Supporting Files */,
			);
			path = MyVideosTests;
			sourceTree = "<group>";
		};
		0DA45BF2183197450032E7BA /* Supporting Files */ = {
			isa = PBXGroup;
			children = (
				0DA45BF3183197450032E7BA /* MyVideosTests-Info.plist */,
				0DA45BF4183197450032E7BA /* InfoPlist.strings */,
			);
			name = "Supporting Files";
			sourceTree = "<group>";
		};
		0DA45C0418319E040032E7BA /* Images */ = {
			isa = PBXGroup;
			children = (
				0DA45C0518319EE70032E7BA /* buddy1.jpg */,
				0DA45C0618319EE70032E7BA /* buddy2.jpg */,
				0DA45C0718319EE70032E7BA /* buddy3.jpg */,
			);
			name = Images;
			sourceTree = "<group>";
		};
		0DA45C0B1831A42A0032E7BA /* Trailers */ = {
			isa = PBXGroup;
			children = (
				0DA45C0C1831A49C0032E7BA /* buddy1ViewController.h */,
				0DA45C0D1831A49C0032E7BA /* buddy1ViewController.m */,
				0DA45C0F1831A4BF0032E7BA /* buddy2ViewController.h */,
				0DA45C101831A4BF0032E7BA /* buddy2ViewController.m */,
				0DA45C121831A4CF0032E7BA /* buddy3ViewController.h */,
				0DA45C131831A4CF0032E7BA /* buddy3ViewController.m */,
			);
			name = Trailers;
			sourceTree = "<group>";
		};
/* End PBXGroup section */

/* Begin PBXNativeTarget section */
		0DA45BC8183197450032E7BA /* MyVideos */ = {
			isa = PBXNativeTarget;
			buildConfigurationList = 0DA45BFB183197450032E7BA /* Build configuration list for PBXNativeTarget "MyVideos" */;
			buildPhases = (
				0DA45BC5183197450032E7BA /* Sources */,
				0DA45BC6183197450032E7BA /* Frameworks */,
				0DA45BC7183197450032E7BA /* Resources */,
			);
			buildRules = (
			);
			dependencies = (
			);
			name = MyVideos;
			productName = MyVideos;
			productReference = 0DA45BC9183197450032E7BA /* MyVideos.app */;
			productType = "com.apple.product-type.application";
		};
		0DA45BE9183197450032E7BA /* MyVideosTests */ = {
			isa = PBXNativeTarget;
			buildConfigurationList = 0DA45BFE183197450032E7BA /* Build configuration list for PBXNativeTarget "MyVideosTests" */;
			buildPhases = (
				0DA45BE6183197450032E7BA /* Sources */,
				0DA45BE7183197450032E7BA /* Frameworks */,
				0DA45BE8183197450032E7BA /* Resources */,
			);
			buildRules = (
			);
			dependencies = (
				0DA45BF0183197450032E7BA /* PBXTargetDependency */,
			);
			name = MyVideosTests;
			productName = MyVideosTests;
			productReference = 0DA45BEA183197450032E7BA /* MyVideosTests.xctest */;
			productType = "com.apple.product-type.bundle.unit-test";
		};
/* End PBXNativeTarget section */

/* Begin PBXProject section */
		0DA45BC1183197450032E7BA /* Project object */ = {
			isa = PBXProject;
			attributes = {
				CLASSPREFIX = MyVideos;
				LastUpgradeCheck = 0500;
				ORGANIZATIONNAME = "Jennifer Sexton";
				TargetAttributes = {
					0DA45BE9183197450032E7BA = {
						TestTargetID = 0DA45BC8183197450032E7BA;
					};
				};
			};
			buildConfigurationList = 0DA45BC4183197450032E7BA /* Build configuration list for PBXProject "MyVideos" */;
			compatibilityVersion = "Xcode 3.2";
			developmentRegion = English;
			hasScannedForEncodings = 0;
			knownRegions = (
				en,
				Base,
			);
			mainGroup = 0DA45BC0183197450032E7BA;
			productRefGroup = 0DA45BCA183197450032E7BA /* Products */;
			projectDirPath = "";
			projectRoot = "";
			targets = (
				0DA45BC8183197450032E7BA /* MyVideos */,
				0DA45BE9183197450032E7BA /* MyVideosTests */,
			);
		};
/* End PBXProject section */

/* Begin PBXResourcesBuildPhase section */
		0DA45BC7183197450032E7BA /* Resources */ = {
			isa = PBXResourcesBuildPhase;
			buildActionMask = 2147483647;
			files = (
				0DA45BE5183197450032E7BA /* Images.xcassets in Resources */,
				0DA45BD7183197450032E7BA /* InfoPlist.strings in Resources */,
				0DA45C0918319EE70032E7BA /* buddy2.jpg in Resources */,
				0DA45C0818319EE70032E7BA /* buddy1.jpg in Resources */,
				0DA45C0A18319EE70032E7BA /* buddy3.jpg in Resources */,
				0DA45BE0183197450032E7BA /* Main.storyboard in Resources */,
			);
			runOnlyForDeploymentPostprocessing = 0;
		};
		0DA45BE8183197450032E7BA /* Resources */ = {
			isa = PBXResourcesBuildPhase;
			buildActionMask = 2147483647;
			files = (
				0DA45BF6183197450032E7BA /* InfoPlist.strings in Resources */,
			);
			runOnlyForDeploymentPostprocessing = 0;
		};
/* End PBXResourcesBuildPhase section */

/* Begin PBXSourcesBuildPhase section */
		0DA45BC5183197450032E7BA /* Sources */ = {
			isa = PBXSourcesBuildPhase;
			buildActionMask = 2147483647;
			files = (
				0DA45BDD183197450032E7BA /* MyVideosAppDelegate.m in Sources */,
				0DA45C0E1831A49C0032E7BA /* buddy1ViewController.m in Sources */,
				0DA45BE3183197450032E7BA /* MyVideosViewController.m in Sources */,
				0DA45C111831A4BF0032E7BA /* buddy2ViewController.m in Sources */,
				0DA45BD9183197450032E7BA /* main.m in Sources */,
				0DA45C141831A4CF0032E7BA /* buddy3ViewController.m in Sources */,
			);
			runOnlyForDeploymentPostprocessing = 0;
		};
		0DA45BE6183197450032E7BA /* Sources */ = {
			isa = PBXSourcesBuildPhase;
			buildActionMask = 2147483647;
			files = (
				0DA45BF8183197450032E7BA /* MyVideosTests.m in Sources */,
			);
			runOnlyForDeploymentPostprocessing = 0;
		};
/* End PBXSourcesBuildPhase section */

/* Begin PBXTargetDependency section */
		0DA45BF0183197450032E7BA /* PBXTargetDependency */ = {
			isa = PBXTargetDependency;
			target = 0DA45BC8183197450032E7BA /* MyVideos */;
			targetProxy = 0DA45BEF183197450032E7BA /* PBXContainerItemProxy */;
		};
/* End PBXTargetDependency section */

/* Begin PBXVariantGroup section */
		0DA45BD5183197450032E7BA /* InfoPlist.strings */ = {
			isa = PBXVariantGroup;
			children = (
				0DA45BD6183197450032E7BA /* en */,
			);
			name = InfoPlist.strings;
			sourceTree = "<group>";
		};
		0DA45BDE183197450032E7BA /* Main.storyboard */ = {
			isa = PBXVariantGroup;
			children = (
				0DA45BDF183197450032E7BA /* Base */,
			);
			name = Main.storyboard;
			sourceTree = "<group>";
		};
		0DA45BF4183197450032E7BA /* InfoPlist.strings */ = {
			isa = PBXVariantGroup;
			children = (
				0DA45BF5183197450032E7BA /* en */,
			);
			name = InfoPlist.strings;
			sourceTree = "<group>";
		};
/* End PBXVariantGroup section */

/* Begin XCBuildConfiguration section */
		0DA45BF9183197450032E7BA /* Debug */ = {
			isa = XCBuildConfiguration;
			buildSettings = {
				ALWAYS_SEARCH_USER_PATHS = NO;
				ARCHS = "$(ARCHS_STANDARD_INCLUDING_64_BIT)";
				CLANG_CXX_LANGUAGE_STANDARD = "gnu++0x";
				CLANG_CXX_LIBRARY = "libc++";
				CLANG_ENABLE_MODULES = YES;
				CLANG_ENABLE_OBJC_ARC = YES;
				CLANG_WARN_BOOL_CONVERSION = YES;
				CLANG_WARN_CONSTANT_CONVERSION = YES;
				CLANG_WARN_DIRECT_OBJC_ISA_USAGE = YES_ERROR;
				CLANG_WARN_EMPTY_BODY = YES;
				CLANG_WARN_ENUM_CONVERSION = YES;
				CLANG_WARN_INT_CONVERSION = YES;
				CLANG_WARN_OBJC_ROOT_CLASS = YES_ERROR;
				CLANG_WARN__DUPLICATE_METHOD_MATCH = YES;
				"CODE_SIGN_IDENTITY[sdk=iphoneos*]" = "iPhone Developer";
				COPY_PHASE_STRIP = NO;
				GCC_C_LANGUAGE_STANDARD = gnu99;
				GCC_DYNAMIC_NO_PIC = NO;
				GCC_OPTIMIZATION_LEVEL = 0;
				GCC_PREPROCESSOR_DEFINITIONS = (
					"DEBUG=1",
					"$(inherited)",
				);
				GCC_SYMBOLS_PRIVATE_EXTERN = NO;
				GCC_WARN_64_TO_32_BIT_CONVERSION = YES;
				GCC_WARN_ABOUT_RETURN_TYPE = YES_ERROR;
				GCC_WARN_UNDECLARED_SELECTOR = YES;
				GCC_WARN_UNINITIALIZED_AUTOS = YES;
				GCC_WARN_UNUSED_FUNCTION = YES;
				GCC_WARN_UNUSED_VARIABLE = YES;
				IPHONEOS_DEPLOYMENT_TARGET = 7.0;
				ONLY_ACTIVE_ARCH = YES;
				SDKROOT = iphoneos;
			};
			name = Debug;
		};
		0DA45BFA183197450032E7BA /* Release */ = {
			isa = XCBuildConfiguration;
			buildSettings = {
				ALWAYS_SEARCH_USER_PATHS = NO;
				ARCHS = "$(ARCHS_STANDARD_INCLUDING_64_BIT)";
				CLANG_CXX_LANGUAGE_STANDARD = "gnu++0x";
				CLANG_CXX_LIBRARY = "libc++";
				CLANG_ENABLE_MODULES = YES;
				CLANG_ENABLE_OBJC_ARC = YES;
				CLANG_WARN_BOOL_CONVERSION = YES;
				CLANG_WARN_CONSTANT_CONVERSION = YES;
				CLANG_WARN_DIRECT_OBJC_ISA_USAGE = YES_ERROR;
				CLANG_WARN_EMPTY_BODY = YES;
				CLANG_WARN_ENUM_CONVERSION = YES;
				CLANG_WARN_INT_CONVERSION = YES;
				CLANG_WARN_OBJC_ROOT_CLASS = YES_ERROR;
				CLANG_WARN__DUPLICATE_METHOD_MATCH = YES;
				"CODE_SIGN_IDENTITY[sdk=iphoneos*]" = "iPhone Developer";
				COPY_PHASE_STRIP = YES;
				ENABLE_NS_ASSERTIONS = NO;
				GCC_C_LANGUAGE_STANDARD = gnu99;
				GCC_WARN_64_TO_32_BIT_CONVERSION = YES;
				GCC_WARN_ABOUT_RETURN_TYPE = YES_ERROR;
				GCC_WARN_UNDECLARED_SELECTOR = YES;
				GCC_WARN_UNINITIALIZED_AUTOS = YES;
				GCC_WARN_UNUSED_FUNCTION = YES;
				GCC_WARN_UNUSED_VARIABLE = YES;
				IPHONEOS_DEPLOYMENT_TARGET = 7.0;
				SDKROOT = iphoneos;
				VALIDATE_PRODUCT = YES;
			};
			name = Release;
		};
		0DA45BFC183197450032E7BA /* Debug */ = {
			isa = XCBuildConfiguration;
			buildSettings = {
				ASSETCATALOG_COMPILER_APPICON_NAME = AppIcon;
				ASSETCATALOG_COMPILER_LAUNCHIMAGE_NAME = LaunchImage;
				GCC_PRECOMPILE_PREFIX_HEADER = YES;
				GCC_PREFIX_HEADER = "MyVideos/MyVideos-Prefix.pch";
				INFOPLIST_FILE = "MyVideos/MyVideos-Info.plist";
				PRODUCT_NAME = "$(TARGET_NAME)";
				WRAPPER_EXTENSION = app;
			};
			name = Debug;
		};
		0DA45BFD183197450032E7BA /* Release */ = {
			isa = XCBuildConfiguration;
			buildSettings = {
				ASSETCATALOG_COMPILER_APPICON_NAME = AppIcon;
				ASSETCATALOG_COMPILER_LAUNCHIMAGE_NAME = LaunchImage;
				GCC_PRECOMPILE_PREFIX_HEADER = YES;
				GCC_PREFIX_HEADER = "MyVideos/MyVideos-Prefix.pch";
				INFOPLIST_FILE = "MyVideos/MyVideos-Info.plist";
				PRODUCT_NAME = "$(TARGET_NAME)";
				WRAPPER_EXTENSION = app;
			};
			name = Release;
		};
		0DA45BFF183197450032E7BA /* Debug */ = {
			isa = XCBuildConfiguration;
			buildSettings = {
				ARCHS = "$(ARCHS_STANDARD_INCLUDING_64_BIT)";
				BUNDLE_LOADER = "$(BUILT_PRODUCTS_DIR)/MyVideos.app/MyVideos";
				FRAMEWORK_SEARCH_PATHS = (
					"$(SDKROOT)/Developer/Library/Frameworks",
					"$(inherited)",
					"$(DEVELOPER_FRAMEWORKS_DIR)",
				);
				GCC_PRECOMPILE_PREFIX_HEADER = YES;
				GCC_PREFIX_HEADER = "MyVideos/MyVideos-Prefix.pch";
				GCC_PREPROCESSOR_DEFINITIONS = (
					"DEBUG=1",
					"$(inherited)",
				);
				INFOPLIST_FILE = "MyVideosTests/MyVideosTests-Info.plist";
				PRODUCT_NAME = "$(TARGET_NAME)";
				TEST_HOST = "$(BUNDLE_LOADER)";
				WRAPPER_EXTENSION = xctest;
			};
			name = Debug;
		};
		0DA45C00183197450032E7BA /* Release */ = {
			isa = XCBuildConfiguration;
			buildSettings = {
				ARCHS = "$(ARCHS_STANDARD_INCLUDING_64_BIT)";
				BUNDLE_LOADER = "$(BUILT_PRODUCTS_DIR)/MyVideos.app/MyVideos";
				FRAMEWORK_SEARCH_PATHS = (
					"$(SDKROOT)/Developer/Library/Frameworks",
					"$(inherited)",
					"$(DEVELOPER_FRAMEWORKS_DIR)",
				);
				GCC_PRECOMPILE_PREFIX_HEADER = YES;
				GCC_PREFIX_HEADER = "MyVideos/MyVideos-Prefix.pch";
				INFOPLIST_FILE = "MyVideosTests/MyVideosTests-Info.plist";
				PRODUCT_NAME = "$(TARGET_NAME)";
				TEST_HOST = "$(BUNDLE_LOADER)";
				WRAPPER_EXTENSION = xctest;
			};
			name = Release;
		};
/* End XCBuildConfiguration section */

/* Begin XCConfigurationList section */
		0DA45BC4183197450032E7BA /* Build configuration list for PBXProject "MyVideos" */ = {
			isa = XCConfigurationList;
			buildConfigurations = (
				0DA45BF9183197450032E7BA /* Debug */,
				0DA45BFA183197450032E7BA /* Release */,
			);
			defaultConfigurationIsVisible = 0;
			defaultConfigurationName = Release;
		};
		0DA45BFB183197450032E7BA /* Build configuration list for PBXNativeTarget "MyVideos" */ = {
			isa = XCConfigurationList;
			buildConfigurations = (
				0DA45BFC183197450032E7BA /* Debug */,
				0DA45BFD183197450032E7BA /* Release */,
			);
			defaultConfigurationIsVisible = 0;
		};
		0DA45BFE183197450032E7BA /* Build configuration list for PBXNativeTarget "MyVideosTests" */ = {
			isa = XCConfigurationList;
			buildConfigurations = (
				0DA45BFF183197450032E7BA /* Debug */,
				0DA45C00183197450032E7BA /* Release */,
			);
			defaultConfigurationIsVisible = 0;
		};
/* End XCConfigurationList section */
	};
	rootObject = 0DA45BC1183197450032E7BA /* Project object */;
}
